
Microsoft Visual Studio Solution File, Format Version 12.00
# Visual Studio Version 16
VisualStudioVersion = 16.0.30114.105
MinimumVisualStudioVersion = 10.0.40219.1
Project("{FAE04EC0-301F-11D3-BF4B-00C04F79EFBC}") = "POO_3D2_38_13", "POO_3D2_38_13\POO_3D2_38_13.csproj", "{7D5332C8-E464-42E6-8C91-2C56F2F9FF8A}"
EndProject
Global
	GlobalSection(SolutionConfigurationPlatforms) = preSolution
		Debug|Any CPU = Debug|Any CPU
		Release|Any CPU = Release|Any CPU
	EndGlobalSection
	GlobalSection(ProjectConfigurationPlatforms) = postSolution
		{7D5332C8-E464-42E6-8C91-2C56F2F9FF8A}.Debug|Any CPU.ActiveCfg = Debug|Any CPU
		{7D5332C8-E464-42E6-8C91-2C56F2F9FF8A}.Debug|Any CPU.Build.0 = Debug|Any CPU
		{7D5332C8-E464-42E6-8C91-2C56F2F9FF8A}.Release|Any CPU.ActiveCfg = Release|Any CPU
		{7D5332C8-E464-42E6-8C91-2C56F2F9FF8A}.Release|Any CPU.Build.0 = Release|Any CPU
	EndGlobalSection
	GlobalSection(SolutionProperties) = preSolution
		HideSolutionNode = FALSE
	EndGlobalSection
	GlobalSection(ExtensibilityGlobals) = postSolution
		SolutionGuid = {D7C119EE-7E13-402E-9D9F-DC8A5D250F34}
	EndGlobalSection
EndGlobal
